// !$*UTF8*$!
{
	archiveVersion = 1;
	classes = {
	};
	objectVersion = 56;
	objects = {

/* Begin PBXBuildFile section */
		645707BA2A8D44E500FE9C3B /* ExpenseTrackerApp.swift in Sources */ = {isa = PBXBuildFile; fileRef = 645707B92A8D44E500FE9C3B /* ExpenseTrackerApp.swift */; };
		645707BC2A8D44E500FE9C3B /* ContentView.swift in Sources */ = {isa = PBXBuildFile; fileRef = 645707BB2A8D44E500FE9C3B /* ContentView.swift */; };
		645707BE2A8D44EA00FE9C3B /* Assets.xcassets in Resources */ = {isa = PBXBuildFile; fileRef = 645707BD2A8D44EA00FE9C3B /* Assets.xcassets */; };
		645707C12A8D44EA00FE9C3B /* Preview Assets.xcassets in Resources */ = {isa = PBXBuildFile; fileRef = 645707C02A8D44EA00FE9C3B /* Preview Assets.xcassets */; };
		645707C82A8E80B200FE9C3B /* Extensions.swift in Sources */ = {isa = PBXBuildFile; fileRef = 645707C72A8E80B200FE9C3B /* Extensions.swift */; };
		645707CA2A8E844300FE9C3B /* TransactionModel.swift in Sources */ = {isa = PBXBuildFile; fileRef = 645707C92A8E844200FE9C3B /* TransactionModel.swift */; };
		645707CC2A8E85FA00FE9C3B /* PreviewData.swift in Sources */ = {isa = PBXBuildFile; fileRef = 645707CB2A8E85FA00FE9C3B /* PreviewData.swift */; };
		645707CE2A8E88AB00FE9C3B /* TransactionRow.swift in Sources */ = {isa = PBXBuildFile; fileRef = 645707CD2A8E88AB00FE9C3B /* TransactionRow.swift */; };
		645707D12A8EA39900FE9C3B /* SwiftUIFontIcon in Frameworks */ = {isa = PBXBuildFile; productRef = 645707D02A8EA39900FE9C3B /* SwiftUIFontIcon */; };
		645707D32A8FCC2F00FE9C3B /* TransactionListViewModel.swift in Sources */ = {isa = PBXBuildFile; fileRef = 645707D22A8FCC2F00FE9C3B /* TransactionListViewModel.swift */; };
		645707D52A8FE3A400FE9C3B /* RecentTransactionList.swift in Sources */ = {isa = PBXBuildFile; fileRef = 645707D42A8FE3A400FE9C3B /* RecentTransactionList.swift */; };
		645707D72A90247900FE9C3B /* TransactionsList.swift in Sources */ = {isa = PBXBuildFile; fileRef = 645707D62A90247900FE9C3B /* TransactionsList.swift */; };
		645707DB2A93DEC700FE9C3B /* SwiftUICharts in Frameworks */ = {isa = PBXBuildFile; productRef = 645707DA2A93DEC700FE9C3B /* SwiftUICharts */; };
/* End PBXBuildFile section */

/* Begin PBXFileReference section */
		645707B62A8D44E500FE9C3B /* ExpenseTracker.app */ = {isa = PBXFileReference; explicitFileType = wrapper.application; includeInIndex = 0; path = ExpenseTracker.app; sourceTree = BUILT_PRODUCTS_DIR; };
		645707B92A8D44E500FE9C3B /* ExpenseTrackerApp.swift */ = {isa = PBXFileReference; lastKnownFileType = sourcecode.swift; path = ExpenseTrackerApp.swift; sourceTree = "<group>"; };
		645707BB2A8D44E500FE9C3B /* ContentView.swift */ = {isa = PBXFileReference; lastKnownFileType = sourcecode.swift; path = ContentView.swift; sourceTree = "<group>"; };
		645707BD2A8D44EA00FE9C3B /* Assets.xcassets */ = {isa = PBXFileReference; lastKnownFileType = folder.assetcatalog; path = Assets.xcassets; sourceTree = "<group>"; };
		645707C02A8D44EA00FE9C3B /* Preview Assets.xcassets */ = {isa = PBXFileReference; lastKnownFileType = folder.assetcatalog; path = "Preview Assets.xcassets"; sourceTree = "<group>"; };
		645707C72A8E80B200FE9C3B /* Extensions.swift */ = {isa = PBXFileReference; lastKnownFileType = sourcecode.swift; path = Extensions.swift; sourceTree = "<group>"; };
		645707C92A8E844200FE9C3B /* TransactionModel.swift */ = {isa = PBXFileReference; lastKnownFileType = sourcecode.swift; path = TransactionModel.swift; sourceTree = "<group>"; };
		645707CB2A8E85FA00FE9C3B /* PreviewData.swift */ = {isa = PBXFileReference; lastKnownFileType = sourcecode.swift; path = PreviewData.swift; sourceTree = "<group>"; };
		645707CD2A8E88AB00FE9C3B /* TransactionRow.swift */ = {isa = PBXFileReference; lastKnownFileType = sourcecode.swift; path = TransactionRow.swift; sourceTree = "<group>"; };
		645707D22A8FCC2F00FE9C3B /* TransactionListViewModel.swift */ = {isa = PBXFileReference; lastKnownFileType = sourcecode.swift; path = TransactionListViewModel.swift; sourceTree = "<group>"; };
		645707D42A8FE3A400FE9C3B /* RecentTransactionList.swift */ = {isa = PBXFileReference; lastKnownFileType = sourcecode.swift; path = RecentTransactionList.swift; sourceTree = "<group>"; };
		645707D62A90247900FE9C3B /* TransactionsList.swift */ = {isa = PBXFileReference; lastKnownFileType = sourcecode.swift; path = TransactionsList.swift; sourceTree = "<group>"; };
/* End PBXFileReference section */

/* Begin PBXFrameworksBuildPhase section */
		645707B32A8D44E500FE9C3B /* Frameworks */ = {
			isa = PBXFrameworksBuildPhase;
			buildActionMask = 2147483647;
			files = (
				645707D12A8EA39900FE9C3B /* SwiftUIFontIcon in Frameworks */,
				645707DB2A93DEC700FE9C3B /* SwiftUICharts in Frameworks */,
			);
			runOnlyForDeploymentPostprocessing = 0;
		};
/* End PBXFrameworksBuildPhase section */

/* Begin PBXGroup section */
		645707AD2A8D44E400FE9C3B = {
			isa = PBXGroup;
			children = (
				645707B82A8D44E500FE9C3B /* ExpenseTracker */,
				645707B72A8D44E500FE9C3B /* Products */,
			);
			sourceTree = "<group>";
		};
		645707B72A8D44E500FE9C3B /* Products */ = {
			isa = PBXGroup;
			children = (
				645707B62A8D44E500FE9C3B /* ExpenseTracker.app */,
			);
			name = Products;
			sourceTree = "<group>";
		};
		645707B82A8D44E500FE9C3B /* ExpenseTracker */ = {
			isa = PBXGroup;
			children = (
				645707B92A8D44E500FE9C3B /* ExpenseTrackerApp.swift */,
				645707BB2A8D44E500FE9C3B /* ContentView.swift */,
				645707D42A8FE3A400FE9C3B /* RecentTransactionList.swift */,
				645707D62A90247900FE9C3B /* TransactionsList.swift */,
				645707CD2A8E88AB00FE9C3B /* TransactionRow.swift */,
				645707D22A8FCC2F00FE9C3B /* TransactionListViewModel.swift */,
				645707C92A8E844200FE9C3B /* TransactionModel.swift */,
				645707C72A8E80B200FE9C3B /* Extensions.swift */,
				645707BD2A8D44EA00FE9C3B /* Assets.xcassets */,
				645707BF2A8D44EA00FE9C3B /* Preview Content */,
			);
			path = ExpenseTracker;
			sourceTree = "<group>";
		};
		645707BF2A8D44EA00FE9C3B /* Preview Content */ = {
			isa = PBXGroup;
			children = (
				645707C02A8D44EA00FE9C3B /* Preview Assets.xcassets */,
				645707CB2A8E85FA00FE9C3B /* PreviewData.swift */,
			);
			path = "Preview Content";
			sourceTree = "<group>";
		};
/* End PBXGroup section */

/* Begin PBXNativeTarget section */
		645707B52A8D44E500FE9C3B /* ExpenseTracker */ = {
			isa = PBXNativeTarget;
			buildConfigurationList = 645707C42A8D44EA00FE9C3B /* Build configuration list for PBXNativeTarget "ExpenseTracker" */;
			buildPhases = (
				645707B22A8D44E500FE9C3B /* Sources */,
				645707B32A8D44E500FE9C3B /* Frameworks */,
				645707B42A8D44E500FE9C3B /* Resources */,
			);
			buildRules = (
			);
			dependencies = (
			);
			name = ExpenseTracker;
			packageProductDependencies = (
				645707D02A8EA39900FE9C3B /* SwiftUIFontIcon */,
				645707DA2A93DEC700FE9C3B /* SwiftUICharts */,
			);
			productName = ExpenseTracker;
			productReference = 645707B62A8D44E500FE9C3B /* ExpenseTracker.app */;
			productType = "com.apple.product-type.application";
		};
/* End PBXNativeTarget section */

/* Begin PBXProject section */
		645707AE2A8D44E400FE9C3B /* Project object */ = {
			isa = PBXProject;
			attributes = {
				BuildIndependentTargetsInParallel = 1;
				LastSwiftUpdateCheck = 1420;
				LastUpgradeCheck = 1420;
				TargetAttributes = {
					645707B52A8D44E500FE9C3B = {
						CreatedOnToolsVersion = 14.2;
					};
				};
			};
			buildConfigurationList = 645707B12A8D44E500FE9C3B /* Build configuration list for PBXProject "ExpenseTracker" */;
			compatibilityVersion = "Xcode 14.0";
			developmentRegion = en;
			hasScannedForEncodings = 0;
			knownRegions = (
				en,
				Base,
			);
			mainGroup = 645707AD2A8D44E400FE9C3B;
			packageReferences = (
				645707CF2A8EA39900FE9C3B /* XCRemoteSwiftPackageReference "SwiftUIFontIcon" */,
				645707D82A93D6DE00FE9C3B /* XCRemoteSwiftPackageReference "swift-collections" */,
				645707D92A93DEC700FE9C3B /* XCRemoteSwiftPackageReference "ChartView" */,
			);
			productRefGroup = 645707B72A8D44E500FE9C3B /* Products */;
			projectDirPath = "";
			projectRoot = "";
			targets = (
				645707B52A8D44E500FE9C3B /* ExpenseTracker */,
			);
		};
/* End PBXProject section */

/* Begin PBXResourcesBuildPhase section */
		645707B42A8D44E500FE9C3B /* Resources */ = {
			isa = PBXResourcesBuildPhase;
			buildActionMask = 2147483647;
			files = (
				645707C12A8D44EA00FE9C3B /* Preview Assets.xcassets in Resources */,
				645707BE2A8D44EA00FE9C3B /* Assets.xcassets in Resources */,
			);
			runOnlyForDeploymentPostprocessing = 0;
		};
/* End PBXResourcesBuildPhase section */

/* Begin PBXSourcesBuildPhase section */
		645707B22A8D44E500FE9C3B /* Sources */ = {
			isa = PBXSourcesBuildPhase;
			buildActionMask = 2147483647;
			files = (
				645707CC2A8E85FA00FE9C3B /* PreviewData.swift in Sources */,
				645707D52A8FE3A400FE9C3B /* RecentTransactionList.swift in Sources */,
				645707CA2A8E844300FE9C3B /* TransactionModel.swift in Sources */,
				645707BC2A8D44E500FE9C3B /* ContentView.swift in Sources */,
				645707CE2A8E88AB00FE9C3B /* TransactionRow.swift in Sources */,
				645707C82A8E80B200FE9C3B /* Extensions.swift in Sources */,
				645707D32A8FCC2F00FE9C3B /* TransactionListViewModel.swift in Sources */,
				645707BA2A8D44E500FE9C3B /* ExpenseTrackerApp.swift in Sources */,
				645707D72A90247900FE9C3B /* TransactionsList.swift in Sources */,
			);
			runOnlyForDeploymentPostprocessing = 0;
		};
/* End PBXSourcesBuildPhase section */

/* Begin XCBuildConfiguration section */
		645707C22A8D44EA00FE9C3B /* Debug */ = {
			isa = XCBuildConfiguration;
			buildSettings = {
				ALWAYS_SEARCH_USER_PATHS = NO;
				CLANG_ANALYZER_NONNULL = YES;
				CLANG_ANALYZER_NUMBER_OBJECT_CONVERSION = YES_AGGRESSIVE;
				CLANG_CXX_LANGUAGE_STANDARD = "gnu++20";
				CLANG_ENABLE_MODULES = YES;
				CLANG_ENABLE_OBJC_ARC = YES;
				CLANG_ENABLE_OBJC_WEAK = YES;
				CLANG_WARN_BLOCK_CAPTURE_AUTORELEASING = YES;
				CLANG_WARN_BOOL_CONVERSION = YES;
				CLANG_WARN_COMMA = YES;
				CLANG_WARN_CONSTANT_CONVERSION = YES;
				CLANG_WARN_DEPRECATED_OBJC_IMPLEMENTATIONS = YES;
				CLANG_WARN_DIRECT_OBJC_ISA_USAGE = YES_ERROR;
				CLANG_WARN_DOCUMENTATION_COMMENTS = YES;
				CLANG_WARN_EMPTY_BODY = YES;
				CLANG_WARN_ENUM_CONVERSION = YES;
				CLANG_WARN_INFINITE_RECURSION = YES;
				CLANG_WARN_INT_CONVERSION = YES;
				CLANG_WARN_NON_LITERAL_NULL_CONVERSION = YES;
				CLANG_WARN_OBJC_IMPLICIT_RETAIN_SELF = YES;
				CLANG_WARN_OBJC_LITERAL_CONVERSION = YES;
				CLANG_WARN_OBJC_ROOT_CLASS = YES_ERROR;
				CLANG_WARN_QUOTED_INCLUDE_IN_FRAMEWORK_HEADER = YES;
				CLANG_WARN_RANGE_LOOP_ANALYSIS = YES;
				CLANG_WARN_STRICT_PROTOTYPES = YES;
				CLANG_WARN_SUSPICIOUS_MOVE = YES;
				CLANG_WARN_UNGUARDED_AVAILABILITY = YES_AGGRESSIVE;
				CLANG_WARN_UNREACHABLE_CODE = YES;
				CLANG_WARN__DUPLICATE_METHOD_MATCH = YES;
				COPY_PHASE_STRIP = NO;
				DEBUG_INFORMATION_FORMAT = dwarf;
				ENABLE_STRICT_OBJC_MSGSEND = YES;
				ENABLE_TESTABILITY = YES;
				GCC_C_LANGUAGE_STANDARD = gnu11;
				GCC_DYNAMIC_NO_PIC = NO;
				GCC_NO_COMMON_BLOCKS = YES;
				GCC_OPTIMIZATION_LEVEL = 0;
				GCC_PREPROCESSOR_DEFINITIONS = (
					"DEBUG=1",
					"$(inherited)",
				);
				GCC_WARN_64_TO_32_BIT_CONVERSION = YES;
				GCC_WARN_ABOUT_RETURN_TYPE = YES_ERROR;
				GCC_WARN_UNDECLARED_SELECTOR = YES;
				GCC_WARN_UNINITIALIZED_AUTOS = YES_AGGRESSIVE;
				GCC_WARN_UNUSED_FUNCTION = YES;
				GCC_WARN_UNUSED_VARIABLE = YES;
				IPHONEOS_DEPLOYMENT_TARGET = 16.2;
				MTL_ENABLE_DEBUG_INFO = INCLUDE_SOURCE;
				MTL_FAST_MATH = YES;
				ONLY_ACTIVE_ARCH = YES;
				SDKROOT = iphoneos;
				SWIFT_ACTIVE_COMPILATION_CONDITIONS = DEBUG;
				SWIFT_OPTIMIZATION_LEVEL = "-Onone";
			};
			name = Debug;
		};
		645707C32A8D44EA00FE9C3B /* Release */ = {
			isa = XCBuildConfiguration;
			buildSettings = {
				ALWAYS_SEARCH_USER_PATHS = NO;
				CLANG_ANALYZER_NONNULL = YES;
				CLANG_ANALYZER_NUMBER_OBJECT_CONVERSION = YES_AGGRESSIVE;
				CLANG_CXX_LANGUAGE_STANDARD = "gnu++20";
				CLANG_ENABLE_MODULES = YES;
				CLANG_ENABLE_OBJC_ARC = YES;
				CLANG_ENABLE_OBJC_WEAK = YES;
				CLANG_WARN_BLOCK_CAPTURE_AUTORELEASING = YES;
				CLANG_WARN_BOOL_CONVERSION = YES;
				CLANG_WARN_COMMA = YES;
				CLANG_WARN_CONSTANT_CONVERSION = YES;
				CLANG_WARN_DEPRECATED_OBJC_IMPLEMENTATIONS = YES;
				CLANG_WARN_DIRECT_OBJC_ISA_USAGE = YES_ERROR;
				CLANG_WARN_DOCUMENTATION_COMMENTS = YES;
				CLANG_WARN_EMPTY_BODY = YES;
				CLANG_WARN_ENUM_CONVERSION = YES;
				CLANG_WARN_INFINITE_RECURSION = YES;
				CLANG_WARN_INT_CONVERSION = YES;
				CLANG_WARN_NON_LITERAL_NULL_CONVERSION = YES;
				CLANG_WARN_OBJC_IMPLICIT_RETAIN_SELF = YES;
				CLANG_WARN_OBJC_LITERAL_CONVERSION = YES;
				CLANG_WARN_OBJC_ROOT_CLASS = YES_ERROR;
				CLANG_WARN_QUOTED_INCLUDE_IN_FRAMEWORK_HEADER = YES;
				CLANG_WARN_RANGE_LOOP_ANALYSIS = YES;
				CLANG_WARN_STRICT_PROTOTYPES = YES;
				CLANG_WARN_SUSPICIOUS_MOVE = YES;
				CLANG_WARN_UNGUARDED_AVAILABILITY = YES_AGGRESSIVE;
				CLANG_WARN_UNREACHABLE_CODE = YES;
				CLANG_WARN__DUPLICATE_METHOD_MATCH = YES;
				COPY_PHASE_STRIP = NO;
				DEBUG_INFORMATION_FORMAT = "dwarf-with-dsym";
				ENABLE_NS_ASSERTIONS = NO;
				ENABLE_STRICT_OBJC_MSGSEND = YES;
				GCC_C_LANGUAGE_STANDARD = gnu11;
				GCC_NO_COMMON_BLOCKS = YES;
				GCC_WARN_64_TO_32_BIT_CONVERSION = YES;
				GCC_WARN_ABOUT_RETURN_TYPE = YES_ERROR;
				GCC_WARN_UNDECLARED_SELECTOR = YES;
				GCC_WARN_UNINITIALIZED_AUTOS = YES_AGGRESSIVE;
				GCC_WARN_UNUSED_FUNCTION = YES;
				GCC_WARN_UNUSED_VARIABLE = YES;
				IPHONEOS_DEPLOYMENT_TARGET = 16.2;
				MTL_ENABLE_DEBUG_INFO = NO;
				MTL_FAST_MATH = YES;
				SDKROOT = iphoneos;
				SWIFT_COMPILATION_MODE = wholemodule;
				SWIFT_OPTIMIZATION_LEVEL = "-O";
				VALIDATE_PRODUCT = YES;
			};
			name = Release;
		};
		645707C52A8D44EA00FE9C3B /* Debug */ = {
			isa = XCBuildConfiguration;
			buildSettings = {
				ASSETCATALOG_COMPILER_APPICON_NAME = AppIcon;
				ASSETCATALOG_COMPILER_GLOBAL_ACCENT_COLOR_NAME = AccentColor;
				CODE_SIGN_STYLE = Automatic;
				CURRENT_PROJECT_VERSION = 1;
				DEVELOPMENT_ASSET_PATHS = "\"ExpenseTracker/Preview Content\"";
				ENABLE_PREVIEWS = YES;
				GENERATE_INFOPLIST_FILE = YES;
				INFOPLIST_KEY_UIApplicationSceneManifest_Generation = YES;
				INFOPLIST_KEY_UIApplicationSupportsIndirectInputEvents = YES;
				INFOPLIST_KEY_UILaunchScreen_Generation = YES;
				INFOPLIST_KEY_UISupportedInterfaceOrientations_iPad = "UIInterfaceOrientationPortrait UIInterfaceOrientationPortraitUpsideDown UIInterfaceOrientationLandscapeLeft UIInterfaceOrientationLandscapeRight";
				INFOPLIST_KEY_UISupportedInterfaceOrientations_iPhone = "UIInterfaceOrientationPortrait UIInterfaceOrientationLandscapeLeft UIInterfaceOrientationLandscapeRight";
				LD_RUNPATH_SEARCH_PATHS = (
					"$(inherited)",
					"@executable_path/Frameworks",
				);
				MARKETING_VERSION = 1.0;
				PRODUCT_BUNDLE_IDENTIFIER = com.dcheung11.ExpenseTracker;
				PRODUCT_NAME = "$(TARGET_NAME)";
				SWIFT_EMIT_LOC_STRINGS = YES;
				SWIFT_VERSION = 5.0;
				TARGETED_DEVICE_FAMILY = "1,2";
			};
			name = Debug;
		};
		645707C62A8D44EA00FE9C3B /* Release */ = {
			isa = XCBuildConfiguration;
			buildSettings = {
				ASSETCATALOG_COMPILER_APPICON_NAME = AppIcon;
				ASSETCATALOG_COMPILER_GLOBAL_ACCENT_COLOR_NAME = AccentColor;
				CODE_SIGN_STYLE = Automatic;
				CURRENT_PROJECT_VERSION = 1;
				DEVELOPMENT_ASSET_PATHS = "\"ExpenseTracker/Preview Content\"";
				ENABLE_PREVIEWS = YES;
				GENERATE_INFOPLIST_FILE = YES;
				INFOPLIST_KEY_UIApplicationSceneManifest_Generation = YES;
				INFOPLIST_KEY_UIApplicationSupportsIndirectInputEvents = YES;
				INFOPLIST_KEY_UILaunchScreen_Generation = YES;
				INFOPLIST_KEY_UISupportedInterfaceOrientations_iPad = "UIInterfaceOrientationPortrait UIInterfaceOrientationPortraitUpsideDown UIInterfaceOrientationLandscapeLeft UIInterfaceOrientationLandscapeRight";
				INFOPLIST_KEY_UISupportedInterfaceOrientations_iPhone = "UIInterfaceOrientationPortrait UIInterfaceOrientationLandscapeLeft UIInterfaceOrientationLandscapeRight";
				LD_RUNPATH_SEARCH_PATHS = (
					"$(inherited)",
					"@executable_path/Frameworks",
				);
				MARKETING_VERSION = 1.0;
				PRODUCT_BUNDLE_IDENTIFIER = com.dcheung11.ExpenseTracker;
				PRODUCT_NAME = "$(TARGET_NAME)";
				SWIFT_EMIT_LOC_STRINGS = YES;
				SWIFT_VERSION = 5.0;
				TARGETED_DEVICE_FAMILY = "1,2";
			};
			name = Release;
		};
/* End XCBuildConfiguration section */

/* Begin XCConfigurationList section */
		645707B12A8D44E500FE9C3B /* Build configuration list for PBXProject "ExpenseTracker" */ = {
			isa = XCConfigurationList;
			buildConfigurations = (
				645707C22A8D44EA00FE9C3B /* Debug */,
				645707C32A8D44EA00FE9C3B /* Release */,
			);
			defaultConfigurationIsVisible = 0;
			defaultConfigurationName = Release;
		};
		645707C42A8D44EA00FE9C3B /* Build configuration list for PBXNativeTarget "ExpenseTracker" */ = {
			isa = XCConfigurationList;
			buildConfigurations = (
				645707C52A8D44EA00FE9C3B /* Debug */,
				645707C62A8D44EA00FE9C3B /* Release */,
			);
			defaultConfigurationIsVisible = 0;
			defaultConfigurationName = Release;
		};
/* End XCConfigurationList section */

/* Begin XCRemoteSwiftPackageReference section */
		645707CF2A8EA39900FE9C3B /* XCRemoteSwiftPackageReference "SwiftUIFontIcon" */ = {
			isa = XCRemoteSwiftPackageReference;
			repositoryURL = "https://github.com/huybuidac/SwiftUIFontIcon.git";
			requirement = {
				branch = master;
				kind = branch;
			};
		};
		645707D82A93D6DE00FE9C3B /* XCRemoteSwiftPackageReference "swift-collections" */ = {
			isa = XCRemoteSwiftPackageReference;
			repositoryURL = "https://github.com/apple/swift-collections.git";
			requirement = {
				kind = upToNextMajorVersion;
				minimumVersion = 1.0.2;
			};
		};
		645707D92A93DEC700FE9C3B /* XCRemoteSwiftPackageReference "ChartView" */ = {
			isa = XCRemoteSwiftPackageReference;
			repositoryURL = "https://github.com/AppPear/ChartView";
			requirement = {
				kind = exactVersion;
				version = "2.0.0-beta.2";
			};
		};
/* End XCRemoteSwiftPackageReference section */

/* Begin XCSwiftPackageProductDependency section */
		645707D02A8EA39900FE9C3B /* SwiftUIFontIcon */ = {
			isa = XCSwiftPackageProductDependency;
			package = 645707CF2A8EA39900FE9C3B /* XCRemoteSwiftPackageReference "SwiftUIFontIcon" */;
			productName = SwiftUIFontIcon;
		};
		645707DA2A93DEC700FE9C3B /* SwiftUICharts */ = {
			isa = XCSwiftPackageProductDependency;
			package = 645707D92A93DEC700FE9C3B /* XCRemoteSwiftPackageReference "ChartView" */;
			productName = SwiftUICharts;
		};
/* End XCSwiftPackageProductDependency section */
	};
	rootObject = 645707AE2A8D44E400FE9C3B /* Project object */;
}
